
Microsoft Visual Studio Solution File, Format Version 12.00
# Visual Studio Version 17
VisualStudioVersion = 17.4.33213.308
MinimumVisualStudioVersion = 10.0.40219.1
Project("{FAE04EC0-301F-11D3-BF4B-00C04F79EFBC}") = "OOP.ConsoleExample", "OOP.ConsoleExample\OOP.ConsoleExample.csproj", "{31445300-1D99-4323-A3F8-9DC5004DA9EA}"
EndProject
Project("{FAE04EC0-301F-11D3-BF4B-00C04F79EFBC}") = "AudioManager", "AudioManager\AudioManager.csproj", "{E281C178-65FD-4D50-A79B-8A930D12FC0F}"
EndProject
Global
	GlobalSection(SolutionConfigurationPlatforms) = preSolution
		Debug|Any CPU = Debug|Any CPU
		Release|Any CPU = Release|Any CPU
	EndGlobalSection
	GlobalSection(ProjectConfigurationPlatforms) = postSolution
		{31445300-1D99-4323-A3F8-9DC5004DA9EA}.Debug|Any CPU.ActiveCfg = Debug|Any CPU
		{31445300-1D99-4323-A3F8-9DC5004DA9EA}.Debug|Any CPU.Build.0 = Debug|Any CPU
		{31445300-1D99-4323-A3F8-9DC5004DA9EA}.Release|Any CPU.ActiveCfg = Release|Any CPU
		{31445300-1D99-4323-A3F8-9DC5004DA9EA}.Release|Any CPU.Build.0 = Release|Any CPU
		{E281C178-65FD-4D50-A79B-8A930D12FC0F}.Debug|Any CPU.ActiveCfg = Debug|Any CPU
		{E281C178-65FD-4D50-A79B-8A930D12FC0F}.Debug|Any CPU.Build.0 = Debug|Any CPU
		{E281C178-65FD-4D50-A79B-8A930D12FC0F}.Release|Any CPU.ActiveCfg = Release|Any CPU
		{E281C178-65FD-4D50-A79B-8A930D12FC0F}.Release|Any CPU.Build.0 = Release|Any CPU
	EndGlobalSection
	GlobalSection(SolutionProperties) = preSolution
		HideSolutionNode = FALSE
	EndGlobalSection
	GlobalSection(ExtensibilityGlobals) = postSolution
		SolutionGuid = {F6BBFEAB-9688-4AD4-9D06-3EB673EDC70F}
	EndGlobalSection
EndGlobal
